# This file was autogenerated by Stack.
# You should not edit this file by hand.
# For more information, please see the documentation at:
#   https://docs.haskellstack.org/en/stable/lock_files

packages:
- completed:
    hackage: purescript-bridge-0.8.0.0@sha256:e13d04d89bb356a6df6ec5c2a34f3c739af1eae51be244c5185d71ad713da300,3157
    pantry-tree:
      size: 1058
      sha256: eed4578d8256057e73e9a0d94664268764af21805b7fd5f8307241a669f6f5dc
  original:
    hackage: purescript-bridge-0.8.0.0
- completed:
    hackage: servant-subscriber-0.7.0.0@sha256:e54a3ca6d52227025081bbc470a3af35efecbe0f82050d06aa5c9bbdf05795a6,2635
    pantry-tree:
      size: 859
      sha256: 8f0a4cf5c7c340c347c6b9117c809c9dbf7c15a4c94d80d1f07bd2e3f47308c9
  original:
    hackage: servant-subscriber-0.7.0.0
snapshots:
- completed:
    size: 532377
    url: https://raw.githubusercontent.com/commercialhaskell/stackage-snapshots/master/lts/16/12.yaml
    sha256: f914cfa23fef85bdf895e300a8234d9d0edc2dbec67f4bc9c53f85867c50eab6
  original: lts-16.12
